<?xml version="1.0" encoding="utf-8"?>
<Project ToolsVersion="4.0" xmlns="http://schemas.microsoft.com/developer/msbuild/2003">
  <ItemGroup>
    <ClInclude Include="预编译头.h" />
    <ClInclude Include="getConfig.h" />
    <ClInclude Include="插件模块.h" />
    <ClInclude Include="json\allocator.h">
      <Filter>JsonCPP</Filter>
    </ClInclude>
    <ClInclude Include="json\assertions.h">
      <Filter>JsonCPP</Filter>
    </ClInclude>
    <ClInclude Include="json\config.h">
      <Filter>JsonCPP</Filter>
    </ClInclude>
    <ClInclude Include="json\forwards.h">
      <Filter>JsonCPP</Filter>
    </ClInclude>
    <ClInclude Include="json\json.h">
      <Filter>JsonCPP</Filter>
    </ClInclude>
    <ClInclude Include="json\json_features.h">
      <Filter>JsonCPP</Filter>
    </ClInclude>
    <ClInclude Include="json\json_tool.h">
      <Filter>JsonCPP</Filter>
    </ClInclude>
    <ClInclude Include="json\reader.h">
      <Filter>JsonCPP</Filter>
    </ClInclude>
    <ClInclude Include="json\value.h">
      <Filter>JsonCPP</Filter>
    </ClInclude>
    <ClInclude Include="json\version.h">
      <Filter>JsonCPP</Filter>
    </ClInclude>
    <ClInclude Include="json\writer.h">
      <Filter>JsonCPP</Filter>
    </ClInclude>
    <ClInclude Include="Functions.h" />
  </ItemGroup>
  <ItemGroup>
    <ClCompile Include="预编译头.cpp" />
    <ClCompile Include="插件模块.cpp" />
    <ClCompile Include="getConfig.cpp" />
    <ClCompile Include="json\json_reader.cpp">
      <Filter>JsonCPP</Filter>
    </ClCompile>
    <ClCompile Include="json\json_value.cpp">
      <Filter>JsonCPP</Filter>
    </ClCompile>
    <ClCompile Include="json\json_writer.cpp">
      <Filter>JsonCPP</Filter>
    </ClCompile>
    <ClCompile Include="Functions.cpp" />
  </ItemGroup>
  <ItemGroup>
    <Library Include="chakra.lib" />
  </ItemGroup>
  <ItemGroup>
    <None Include="..\README.md" />
    <None Include="json\json_valueiterator.inl">
      <Filter>JsonCPP</Filter>
    </None>
  </ItemGroup>
  <ItemGroup>
    <Text Include="Update.txt" />
  </ItemGroup>
  <ItemGroup>
    <Filter Include="JsonCPP">
      <UniqueIdentifier>{fd71eb23-bc91-459b-8efe-278171a793ed}</UniqueIdentifier>
    </Filter>
  </ItemGroup>
</Project>